Microsoft Visual Studio Solution File, Format Version 11.00
# Visual Studio 2008

Project("{2F10EEF2-4B6D-ED97-0013-30BC9E0D5E1D}") = "LifeQuest 3", "Assembly-CSharp-firstpass.csproj", "{9350D1D5-46A1-0694-B4EC-D7ACE1E2D974}"
EndProject
Project("{2F10EEF2-4B6D-ED97-0013-30BC9E0D5E1D}") = "LifeQuest 3", "Assembly-CSharp.csproj", "{4C993485-DA24-937E-F231-4392E75E101E}"
EndProject
Global
	GlobalSection(SolutionConfigurationPlatforms) = preSolution
		Debug|Any CPU = Debug|Any CPU
		Release|Any CPU = Release|Any CPU
	EndGlobalSection
	GlobalSection(ProjectConfigurationPlatforms) = postSolution
		{9350D1D5-46A1-0694-B4EC-D7ACE1E2D974}.Debug|Any CPU.ActiveCfg = Debug|Any CPU
		{9350D1D5-46A1-0694-B4EC-D7ACE1E2D974}.Debug|Any CPU.Build.0 = Debug|Any CPU
		{9350D1D5-46A1-0694-B4EC-D7ACE1E2D974}.Release|Any CPU.ActiveCfg = Release|Any CPU
		{9350D1D5-46A1-0694-B4EC-D7ACE1E2D974}.Release|Any CPU.Build.0 = Release|Any CPU
		{4C993485-DA24-937E-F231-4392E75E101E}.Debug|Any CPU.ActiveCfg = Debug|Any CPU
		{4C993485-DA24-937E-F231-4392E75E101E}.Debug|Any CPU.Build.0 = Debug|Any CPU
		{4C993485-DA24-937E-F231-4392E75E101E}.Release|Any CPU.ActiveCfg = Release|Any CPU
		{4C993485-DA24-937E-F231-4392E75E101E}.Release|Any CPU.Build.0 = Release|Any CPU
	EndGlobalSection
	GlobalSection(SolutionProperties) = preSolution
		HideSolutionNode = FALSE
	EndGlobalSection
	GlobalSection(MonoDevelopProperties) = preSolution
		StartupItem = Assembly-CSharp.csproj
	EndGlobalSection
EndGlobal
