Microsoft Visual Studio Solution File, Format Version 11.00
# Visual Studio 2008

Project("{3E5BB038-ADBB-C925-60F0-3C71DDC998EB}") = "ProjetoPaisFilhos03", "Assembly-CSharp.csproj", "{59749D1E-80DB-4999-31F6-989EDF05535C}"
EndProject
Global
	GlobalSection(SolutionConfigurationPlatforms) = preSolution
		Debug|Any CPU = Debug|Any CPU
		Release|Any CPU = Release|Any CPU
	EndGlobalSection
	GlobalSection(ProjectConfigurationPlatforms) = postSolution
		{59749D1E-80DB-4999-31F6-989EDF05535C}.Debug|Any CPU.ActiveCfg = Debug|Any CPU
		{59749D1E-80DB-4999-31F6-989EDF05535C}.Debug|Any CPU.Build.0 = Debug|Any CPU
		{59749D1E-80DB-4999-31F6-989EDF05535C}.Release|Any CPU.ActiveCfg = Release|Any CPU
		{59749D1E-80DB-4999-31F6-989EDF05535C}.Release|Any CPU.Build.0 = Release|Any CPU
	EndGlobalSection
	GlobalSection(SolutionProperties) = preSolution
		HideSolutionNode = FALSE
	EndGlobalSection
	GlobalSection(MonoDevelopProperties) = preSolution
		StartupItem = Assembly-CSharp.csproj
	EndGlobalSection
EndGlobal
