Microsoft Visual Studio Solution File, Format Version 11.00
# Visual Studio 2008

Project("{924168A0-B2DB-CBC0-9B3B-4691E4ED5552}") = "ProjetoPaisFilhos06", "Assembly-CSharp-firstpass.csproj", "{A3D73815-C091-4BED-02D5-C5F95DF33C94}"
EndProject
Project("{924168A0-B2DB-CBC0-9B3B-4691E4ED5552}") = "ProjetoPaisFilhos06", "Assembly-CSharp.csproj", "{BF968E3E-3073-418E-6ED3-E677D88CCBFA}"
EndProject
Global
	GlobalSection(SolutionConfigurationPlatforms) = preSolution
		Debug|Any CPU = Debug|Any CPU
		Release|Any CPU = Release|Any CPU
	EndGlobalSection
	GlobalSection(ProjectConfigurationPlatforms) = postSolution
		{A3D73815-C091-4BED-02D5-C5F95DF33C94}.Debug|Any CPU.ActiveCfg = Debug|Any CPU
		{A3D73815-C091-4BED-02D5-C5F95DF33C94}.Debug|Any CPU.Build.0 = Debug|Any CPU
		{A3D73815-C091-4BED-02D5-C5F95DF33C94}.Release|Any CPU.ActiveCfg = Release|Any CPU
		{A3D73815-C091-4BED-02D5-C5F95DF33C94}.Release|Any CPU.Build.0 = Release|Any CPU
		{BF968E3E-3073-418E-6ED3-E677D88CCBFA}.Debug|Any CPU.ActiveCfg = Debug|Any CPU
		{BF968E3E-3073-418E-6ED3-E677D88CCBFA}.Debug|Any CPU.Build.0 = Debug|Any CPU
		{BF968E3E-3073-418E-6ED3-E677D88CCBFA}.Release|Any CPU.ActiveCfg = Release|Any CPU
		{BF968E3E-3073-418E-6ED3-E677D88CCBFA}.Release|Any CPU.Build.0 = Release|Any CPU
	EndGlobalSection
	GlobalSection(SolutionProperties) = preSolution
		HideSolutionNode = FALSE
	EndGlobalSection
	GlobalSection(MonoDevelopProperties) = preSolution
		StartupItem = Assembly-CSharp.csproj
	EndGlobalSection
EndGlobal
